// !$*UTF8*$!
{
	archiveVersion = 1;
	classes = {
	};
	objectVersion = 48;
	objects = {

/* Begin PBXBuildFile section */
		BFB612BC206C054F002017A8 /* transparent-image8.png in Resources */ = {isa = PBXBuildFile; fileRef = BFB612BB206C054F002017A8 /* transparent-image8.png */; };
		BFB612C2206C0C27002017A8 /* DNMainTabVC.swift in Sources */ = {isa = PBXBuildFile; fileRef = BFB612C1206C0C27002017A8 /* DNMainTabVC.swift */; };
		BFB612CA206C3498002017A8 /* noun_105496_cc.png in Resources */ = {isa = PBXBuildFile; fileRef = BFB612C9206C3497002017A8 /* noun_105496_cc.png */; };
		BFB612CC206C3580002017A8 /* PreviewCameraViewController.swift in Sources */ = {isa = PBXBuildFile; fileRef = BFB612CB206C3580002017A8 /* PreviewCameraViewController.swift */; };
		BFB612CE206C37C5002017A8 /* CameraViewController2.swift in Sources */ = {isa = PBXBuildFile; fileRef = BFB612CD206C37C5002017A8 /* CameraViewController2.swift */; };
		BFB612D0206D15AE002017A8 /* GoogleService-Info.plist in Resources */ = {isa = PBXBuildFile; fileRef = BFB612CF206D15AE002017A8 /* GoogleService-Info.plist */; };
		BFC857CA206B8C9D009920DD /* SignInImage.jpg in Resources */ = {isa = PBXBuildFile; fileRef = BFC857C9206B8C9D009920DD /* SignInImage.jpg */; };
		BFC857CE206B99A9009920DD /* SignUpImage.jpg in Resources */ = {isa = PBXBuildFile; fileRef = BFC857CD206B99A8009920DD /* SignUpImage.jpg */; };
		BFC857D0206BF68D009920DD /* MapVC.swift in Sources */ = {isa = PBXBuildFile; fileRef = BFC857CF206BF68D009920DD /* MapVC.swift */; };
		BFC857D2206BF6A2009920DD /* CommunityVC.swift in Sources */ = {isa = PBXBuildFile; fileRef = BFC857D1206BF6A2009920DD /* CommunityVC.swift */; };
		BFC857D4206BF6BC009920DD /* CameraViewController.swift in Sources */ = {isa = PBXBuildFile; fileRef = BFC857D3206BF6BC009920DD /* CameraViewController.swift */; };
		BFC857D6206BF6D3009920DD /* SearchVC.swift in Sources */ = {isa = PBXBuildFile; fileRef = BFC857D5206BF6D3009920DD /* SearchVC.swift */; };
		D3154D3C113B32E75AEFC2A8 /* Pods_hotty.framework in Frameworks */ = {isa = PBXBuildFile; fileRef = 9E7CB149776E429827B36034 /* Pods_hotty.framework */; };
		E6FCB38A206AF26200FF1F10 /* AppDelegate.swift in Sources */ = {isa = PBXBuildFile; fileRef = E6FCB389206AF26200FF1F10 /* AppDelegate.swift */; };
		E6FCB38F206AF26200FF1F10 /* Main.storyboard in Resources */ = {isa = PBXBuildFile; fileRef = E6FCB38D206AF26200FF1F10 /* Main.storyboard */; };
		E6FCB392206AF26200FF1F10 /* hotty.xcdatamodeld in Sources */ = {isa = PBXBuildFile; fileRef = E6FCB390206AF26200FF1F10 /* hotty.xcdatamodeld */; };
		E6FCB394206AF26200FF1F10 /* Assets.xcassets in Resources */ = {isa = PBXBuildFile; fileRef = E6FCB393206AF26200FF1F10 /* Assets.xcassets */; };
		E6FCB397206AF26200FF1F10 /* LaunchScreen.storyboard in Resources */ = {isa = PBXBuildFile; fileRef = E6FCB395206AF26200FF1F10 /* LaunchScreen.storyboard */; };
		E6FCB3A4206AF75E00FF1F10 /* SignUpVC.swift in Sources */ = {isa = PBXBuildFile; fileRef = E6FCB3A3206AF75E00FF1F10 /* SignUpVC.swift */; };
		E6FCB3A6206AF79800FF1F10 /* LoginVC.swift in Sources */ = {isa = PBXBuildFile; fileRef = E6FCB3A5206AF79800FF1F10 /* LoginVC.swift */; };
		E6FCB3AA206AF81900FF1F10 /* ProfileVC.swift in Sources */ = {isa = PBXBuildFile; fileRef = E6FCB3A9206AF81900FF1F10 /* ProfileVC.swift */; };
		E6FCB3B0206AFA1600FF1F10 /* KeyboardBoundView.swift in Sources */ = {isa = PBXBuildFile; fileRef = E6FCB3AB206AFA1500FF1F10 /* KeyboardBoundView.swift */; };
		E6FCB3B1206AFA1600FF1F10 /* InsetTextField.swift in Sources */ = {isa = PBXBuildFile; fileRef = E6FCB3AC206AFA1500FF1F10 /* InsetTextField.swift */; };
		E6FCB3B2206AFA1600FF1F10 /* RoundedShadowImageView.swift in Sources */ = {isa = PBXBuildFile; fileRef = E6FCB3AD206AFA1500FF1F10 /* RoundedShadowImageView.swift */; };
		E6FCB3B3206AFA1600FF1F10 /* RoundedShadowButton.swift in Sources */ = {isa = PBXBuildFile; fileRef = E6FCB3AE206AFA1600FF1F10 /* RoundedShadowButton.swift */; };
		E6FCB3B4206AFA1600FF1F10 /* RoundedShadow.swift in Sources */ = {isa = PBXBuildFile; fileRef = E6FCB3AF206AFA1600FF1F10 /* RoundedShadow.swift */; };
		E6FCB3C3206C1AE000FF1F10 /* Constants.swift in Sources */ = {isa = PBXBuildFile; fileRef = E6FCB3C2206C1AE000FF1F10 /* Constants.swift */; };
		E6FCB3CD206D873500FF1F10 /* User.storyboard in Resources */ = {isa = PBXBuildFile; fileRef = E6FCB3CB206D873500FF1F10 /* User.storyboard */; };
		E6FCB3D1206EA88200FF1F10 /* SettingsVC.swift in Sources */ = {isa = PBXBuildFile; fileRef = E6FCB3D0206EA88200FF1F10 /* SettingsVC.swift */; };
		E6FCB3D3206EB7E100FF1F10 /* AuthService.swift in Sources */ = {isa = PBXBuildFile; fileRef = E6FCB3D2206EB7E100FF1F10 /* AuthService.swift */; };
		E6FCB3D5206F0CAF00FF1F10 /* Config.swift in Sources */ = {isa = PBXBuildFile; fileRef = E6FCB3D4206F0CAF00FF1F10 /* Config.swift */; };
		E6FCB3E4206F12E700FF1F10 /* ProgressHUD.m in Sources */ = {isa = PBXBuildFile; fileRef = E6FCB3E1206F12E600FF1F10 /* ProgressHUD.m */; };
		E6FCB3E5206F12E700FF1F10 /* ProgressHUD.bundle in Resources */ = {isa = PBXBuildFile; fileRef = E6FCB3E2206F12E600FF1F10 /* ProgressHUD.bundle */; };
/* End PBXBuildFile section */

/* Begin PBXFileReference section */
		11EFD7175A7463B67FA92F3A /* Pods-hotty.release.xcconfig */ = {isa = PBXFileReference; includeInIndex = 1; lastKnownFileType = text.xcconfig; name = "Pods-hotty.release.xcconfig"; path = "Pods/Target Support Files/Pods-hotty/Pods-hotty.release.xcconfig"; sourceTree = "<group>"; };
		7708ED7576CDA804FDDEA177 /* Pods-hotty.debug.xcconfig */ = {isa = PBXFileReference; includeInIndex = 1; lastKnownFileType = text.xcconfig; name = "Pods-hotty.debug.xcconfig"; path = "Pods/Target Support Files/Pods-hotty/Pods-hotty.debug.xcconfig"; sourceTree = "<group>"; };
		9E7CB149776E429827B36034 /* Pods_hotty.framework */ = {isa = PBXFileReference; explicitFileType = wrapper.framework; includeInIndex = 0; path = Pods_hotty.framework; sourceTree = BUILT_PRODUCTS_DIR; };
		BFB612BB206C054F002017A8 /* transparent-image8.png */ = {isa = PBXFileReference; lastKnownFileType = image.png; path = "transparent-image8.png"; sourceTree = "<group>"; };
		BFB612C1206C0C27002017A8 /* DNMainTabVC.swift */ = {isa = PBXFileReference; lastKnownFileType = sourcecode.swift; path = DNMainTabVC.swift; sourceTree = "<group>"; };
		BFB612C9206C3497002017A8 /* noun_105496_cc.png */ = {isa = PBXFileReference; lastKnownFileType = image.png; path = noun_105496_cc.png; sourceTree = "<group>"; };
		BFB612CB206C3580002017A8 /* PreviewCameraViewController.swift */ = {isa = PBXFileReference; lastKnownFileType = sourcecode.swift; path = PreviewCameraViewController.swift; sourceTree = "<group>"; };
		BFB612CD206C37C5002017A8 /* CameraViewController2.swift */ = {isa = PBXFileReference; lastKnownFileType = sourcecode.swift; path = CameraViewController2.swift; sourceTree = "<group>"; };
		BFB612CF206D15AE002017A8 /* GoogleService-Info.plist */ = {isa = PBXFileReference; fileEncoding = 4; lastKnownFileType = text.plist.xml; path = "GoogleService-Info.plist"; sourceTree = "<group>"; };
		BFC857C9206B8C9D009920DD /* SignInImage.jpg */ = {isa = PBXFileReference; lastKnownFileType = image.jpeg; path = SignInImage.jpg; sourceTree = "<group>"; };
		BFC857CD206B99A8009920DD /* SignUpImage.jpg */ = {isa = PBXFileReference; lastKnownFileType = image.jpeg; path = SignUpImage.jpg; sourceTree = "<group>"; };
		BFC857CF206BF68D009920DD /* MapVC.swift */ = {isa = PBXFileReference; lastKnownFileType = sourcecode.swift; path = MapVC.swift; sourceTree = "<group>"; };
		BFC857D1206BF6A2009920DD /* CommunityVC.swift */ = {isa = PBXFileReference; lastKnownFileType = sourcecode.swift; path = CommunityVC.swift; sourceTree = "<group>"; };
		BFC857D3206BF6BC009920DD /* CameraViewController.swift */ = {isa = PBXFileReference; lastKnownFileType = sourcecode.swift; path = CameraViewController.swift; sourceTree = "<group>"; };
		BFC857D5206BF6D3009920DD /* SearchVC.swift */ = {isa = PBXFileReference; lastKnownFileType = sourcecode.swift; path = SearchVC.swift; sourceTree = "<group>"; };
		E6FCB386206AF26200FF1F10 /* hotty.app */ = {isa = PBXFileReference; explicitFileType = wrapper.application; includeInIndex = 0; path = hotty.app; sourceTree = BUILT_PRODUCTS_DIR; };
		E6FCB389206AF26200FF1F10 /* AppDelegate.swift */ = {isa = PBXFileReference; lastKnownFileType = sourcecode.swift; path = AppDelegate.swift; sourceTree = "<group>"; };
		E6FCB38E206AF26200FF1F10 /* Base */ = {isa = PBXFileReference; lastKnownFileType = file.storyboard; name = Base; path = Base.lproj/Main.storyboard; sourceTree = "<group>"; };
		E6FCB391206AF26200FF1F10 /* hotty.xcdatamodel */ = {isa = PBXFileReference; lastKnownFileType = wrapper.xcdatamodel; path = hotty.xcdatamodel; sourceTree = "<group>"; };
		E6FCB393206AF26200FF1F10 /* Assets.xcassets */ = {isa = PBXFileReference; lastKnownFileType = folder.assetcatalog; path = Assets.xcassets; sourceTree = "<group>"; };
		E6FCB396206AF26200FF1F10 /* Base */ = {isa = PBXFileReference; lastKnownFileType = file.storyboard; name = Base; path = Base.lproj/LaunchScreen.storyboard; sourceTree = "<group>"; };
		E6FCB398206AF26200FF1F10 /* Info.plist */ = {isa = PBXFileReference; lastKnownFileType = text.plist.xml; path = Info.plist; sourceTree = "<group>"; };
		E6FCB3A3206AF75E00FF1F10 /* SignUpVC.swift */ = {isa = PBXFileReference; lastKnownFileType = sourcecode.swift; path = SignUpVC.swift; sourceTree = "<group>"; };
		E6FCB3A5206AF79800FF1F10 /* LoginVC.swift */ = {isa = PBXFileReference; lastKnownFileType = sourcecode.swift; path = LoginVC.swift; sourceTree = "<group>"; };
		E6FCB3A9206AF81900FF1F10 /* ProfileVC.swift */ = {isa = PBXFileReference; lastKnownFileType = sourcecode.swift; path = ProfileVC.swift; sourceTree = "<group>"; };
		E6FCB3AB206AFA1500FF1F10 /* KeyboardBoundView.swift */ = {isa = PBXFileReference; fileEncoding = 4; lastKnownFileType = sourcecode.swift; path = KeyboardBoundView.swift; sourceTree = "<group>"; };
		E6FCB3AC206AFA1500FF1F10 /* InsetTextField.swift */ = {isa = PBXFileReference; fileEncoding = 4; lastKnownFileType = sourcecode.swift; path = InsetTextField.swift; sourceTree = "<group>"; };
		E6FCB3AD206AFA1500FF1F10 /* RoundedShadowImageView.swift */ = {isa = PBXFileReference; fileEncoding = 4; lastKnownFileType = sourcecode.swift; path = RoundedShadowImageView.swift; sourceTree = "<group>"; };
		E6FCB3AE206AFA1600FF1F10 /* RoundedShadowButton.swift */ = {isa = PBXFileReference; fileEncoding = 4; lastKnownFileType = sourcecode.swift; path = RoundedShadowButton.swift; sourceTree = "<group>"; };
		E6FCB3AF206AFA1600FF1F10 /* RoundedShadow.swift */ = {isa = PBXFileReference; fileEncoding = 4; lastKnownFileType = sourcecode.swift; path = RoundedShadow.swift; sourceTree = "<group>"; };
		E6FCB3C2206C1AE000FF1F10 /* Constants.swift */ = {isa = PBXFileReference; lastKnownFileType = sourcecode.swift; path = Constants.swift; sourceTree = "<group>"; };
		E6FCB3CC206D873500FF1F10 /* Base */ = {isa = PBXFileReference; lastKnownFileType = file.storyboard; name = Base; path = Base.lproj/User.storyboard; sourceTree = "<group>"; };
		E6FCB3D0206EA88200FF1F10 /* SettingsVC.swift */ = {isa = PBXFileReference; lastKnownFileType = sourcecode.swift; path = SettingsVC.swift; sourceTree = "<group>"; };
		E6FCB3D2206EB7E100FF1F10 /* AuthService.swift */ = {isa = PBXFileReference; lastKnownFileType = sourcecode.swift; path = AuthService.swift; sourceTree = "<group>"; };
		E6FCB3D4206F0CAF00FF1F10 /* Config.swift */ = {isa = PBXFileReference; lastKnownFileType = sourcecode.swift; path = Config.swift; sourceTree = "<group>"; };
		E6FCB3E0206F12E500FF1F10 /* hotty-Bridging-Header.h */ = {isa = PBXFileReference; lastKnownFileType = sourcecode.c.h; path = "hotty-Bridging-Header.h"; sourceTree = "<group>"; };
		E6FCB3E1206F12E600FF1F10 /* ProgressHUD.m */ = {isa = PBXFileReference; fileEncoding = 4; lastKnownFileType = sourcecode.c.objc; name = ProgressHUD.m; path = "../../../../../Downloads/ProgressHUD-master/ProgressHUD/ProgressHUD/ProgressHUD.m"; sourceTree = "<group>"; };
		E6FCB3E2206F12E600FF1F10 /* ProgressHUD.bundle */ = {isa = PBXFileReference; lastKnownFileType = "wrapper.plug-in"; name = ProgressHUD.bundle; path = "../../../../../Downloads/ProgressHUD-master/ProgressHUD/ProgressHUD/ProgressHUD.bundle"; sourceTree = "<group>"; };
		E6FCB3E3206F12E700FF1F10 /* ProgressHUD.h */ = {isa = PBXFileReference; fileEncoding = 4; lastKnownFileType = sourcecode.c.h; name = ProgressHUD.h; path = "../../../../../Downloads/ProgressHUD-master/ProgressHUD/ProgressHUD/ProgressHUD.h"; sourceTree = "<group>"; };
/* End PBXFileReference section */

/* Begin PBXFrameworksBuildPhase section */
		E6FCB383206AF26200FF1F10 /* Frameworks */ = {
			isa = PBXFrameworksBuildPhase;
			buildActionMask = 2147483647;
			files = (
				D3154D3C113B32E75AEFC2A8 /* Pods_hotty.framework in Frameworks */,
			);
			runOnlyForDeploymentPostprocessing = 0;
		};
/* End PBXFrameworksBuildPhase section */

/* Begin PBXGroup section */
		8135972BF8CEB4690AC873AA /* Frameworks */ = {
			isa = PBXGroup;
			children = (
				9E7CB149776E429827B36034 /* Pods_hotty.framework */,
			);
			name = Frameworks;
			sourceTree = "<group>";
		};
		AF9FD6ADC30B64C2F9E6BE17 /* Pods */ = {
			isa = PBXGroup;
			children = (
				7708ED7576CDA804FDDEA177 /* Pods-hotty.debug.xcconfig */,
				11EFD7175A7463B67FA92F3A /* Pods-hotty.release.xcconfig */,
			);
			name = Pods;
			sourceTree = "<group>";
		};
		E6FCB37D206AF26200FF1F10 = {
			isa = PBXGroup;
			children = (
				BFC857C9206B8C9D009920DD /* SignInImage.jpg */,
				BFC857CD206B99A8009920DD /* SignUpImage.jpg */,
				BFB612BB206C054F002017A8 /* transparent-image8.png */,
				BFB612C9206C3497002017A8 /* noun_105496_cc.png */,
				E6FCB388206AF26200FF1F10 /* hotty */,
				E6FCB387206AF26200FF1F10 /* Products */,
				AF9FD6ADC30B64C2F9E6BE17 /* Pods */,
				8135972BF8CEB4690AC873AA /* Frameworks */,
			);
			sourceTree = "<group>";
		};
		E6FCB387206AF26200FF1F10 /* Products */ = {
			isa = PBXGroup;
			children = (
				E6FCB386206AF26200FF1F10 /* hotty.app */,
			);
			name = Products;
			sourceTree = "<group>";
		};
		E6FCB388206AF26200FF1F10 /* hotty */ = {
			isa = PBXGroup;
			children = (
				E6FCB3B8206C140B00FF1F10 /* Utilities */,
				E6FCB39F206AF2E400FF1F10 /* View */,
				E6FCB3A0206AF2EC00FF1F10 /* Controller */,
				E6FCB389206AF26200FF1F10 /* AppDelegate.swift */,
				E6FCB38D206AF26200FF1F10 /* Main.storyboard */,
				E6FCB3CB206D873500FF1F10 /* User.storyboard */,
				E6FCB393206AF26200FF1F10 /* Assets.xcassets */,
				E6FCB395206AF26200FF1F10 /* LaunchScreen.storyboard */,
				E6FCB398206AF26200FF1F10 /* Info.plist */,
				E6FCB390206AF26200FF1F10 /* hotty.xcdatamodeld */,
				BFB612CF206D15AE002017A8 /* GoogleService-Info.plist */,
				E6FCB3E2206F12E600FF1F10 /* ProgressHUD.bundle */,
				E6FCB3E3206F12E700FF1F10 /* ProgressHUD.h */,
				E6FCB3E1206F12E600FF1F10 /* ProgressHUD.m */,
				E6FCB3E0206F12E500FF1F10 /* hotty-Bridging-Header.h */,
			);
			path = hotty;
			sourceTree = "<group>";
		};
		E6FCB39F206AF2E400FF1F10 /* View */ = {
			isa = PBXGroup;
			children = (
				E6FCB3AC206AFA1500FF1F10 /* InsetTextField.swift */,
				E6FCB3AB206AFA1500FF1F10 /* KeyboardBoundView.swift */,
				E6FCB3AF206AFA1600FF1F10 /* RoundedShadow.swift */,
				E6FCB3AE206AFA1600FF1F10 /* RoundedShadowButton.swift */,
				E6FCB3AD206AFA1500FF1F10 /* RoundedShadowImageView.swift */,
			);
			path = View;
			sourceTree = "<group>";
		};
		E6FCB3A0206AF2EC00FF1F10 /* Controller */ = {
			isa = PBXGroup;
			children = (
				E6FCB3A3206AF75E00FF1F10 /* SignUpVC.swift */,
				E6FCB3A5206AF79800FF1F10 /* LoginVC.swift */,
				E6FCB3A9206AF81900FF1F10 /* ProfileVC.swift */,
				BFC857D5206BF6D3009920DD /* SearchVC.swift */,
				BFC857CF206BF68D009920DD /* MapVC.swift */,
				BFC857D1206BF6A2009920DD /* CommunityVC.swift */,
				BFC857D3206BF6BC009920DD /* CameraViewController.swift */,
				BFB612C1206C0C27002017A8 /* DNMainTabVC.swift */,
				BFB612CB206C3580002017A8 /* PreviewCameraViewController.swift */,
				BFB612CD206C37C5002017A8 /* CameraViewController2.swift */,
				E6FCB3D0206EA88200FF1F10 /* SettingsVC.swift */,
			);
			path = Controller;
			sourceTree = "<group>";
		};
		E6FCB3B8206C140B00FF1F10 /* Utilities */ = {
			isa = PBXGroup;
			children = (
				E6FCB3C2206C1AE000FF1F10 /* Constants.swift */,
				E6FCB3D2206EB7E100FF1F10 /* AuthService.swift */,
				E6FCB3D4206F0CAF00FF1F10 /* Config.swift */,
			);
			path = Utilities;
			sourceTree = "<group>";
		};
/* End PBXGroup section */

/* Begin PBXNativeTarget section */
		E6FCB385206AF26200FF1F10 /* hotty */ = {
			isa = PBXNativeTarget;
			buildConfigurationList = E6FCB39B206AF26200FF1F10 /* Build configuration list for PBXNativeTarget "hotty" */;
			buildPhases = (
				72E7F78AB89076BB53B50732 /* [CP] Check Pods Manifest.lock */,
				E6FCB382206AF26200FF1F10 /* Sources */,
				E6FCB383206AF26200FF1F10 /* Frameworks */,
				E6FCB384206AF26200FF1F10 /* Resources */,
				8BC7ED9A4C2093EAC7FB06E1 /* [CP] Embed Pods Frameworks */,
				C718F2051B23716F901D90F7 /* [CP] Copy Pods Resources */,
			);
			buildRules = (
			);
			dependencies = (
			);
			name = hotty;
			productName = hotty;
			productReference = E6FCB386206AF26200FF1F10 /* hotty.app */;
			productType = "com.apple.product-type.application";
		};
/* End PBXNativeTarget section */

/* Begin PBXProject section */
		E6FCB37E206AF26200FF1F10 /* Project object */ = {
			isa = PBXProject;
			attributes = {
				LastSwiftUpdateCheck = 0920;
				LastUpgradeCheck = 0920;
				ORGANIZATIONNAME = Louro;
				TargetAttributes = {
					E6FCB385206AF26200FF1F10 = {
						CreatedOnToolsVersion = 9.2;
						LastSwiftMigration = 0920;
						ProvisioningStyle = Automatic;
					};
				};
			};
			buildConfigurationList = E6FCB381206AF26200FF1F10 /* Build configuration list for PBXProject "hotty" */;
			compatibilityVersion = "Xcode 8.0";
			developmentRegion = en;
			hasScannedForEncodings = 0;
			knownRegions = (
				en,
				Base,
			);
			mainGroup = E6FCB37D206AF26200FF1F10;
			productRefGroup = E6FCB387206AF26200FF1F10 /* Products */;
			projectDirPath = "";
			projectRoot = "";
			targets = (
				E6FCB385206AF26200FF1F10 /* hotty */,
			);
		};
/* End PBXProject section */

/* Begin PBXResourcesBuildPhase section */
		E6FCB384206AF26200FF1F10 /* Resources */ = {
			isa = PBXResourcesBuildPhase;
			buildActionMask = 2147483647;
			files = (
				E6FCB397206AF26200FF1F10 /* LaunchScreen.storyboard in Resources */,
				BFB612D0206D15AE002017A8 /* GoogleService-Info.plist in Resources */,
				BFB612CA206C3498002017A8 /* noun_105496_cc.png in Resources */,
				E6FCB394206AF26200FF1F10 /* Assets.xcassets in Resources */,
				BFC857CE206B99A9009920DD /* SignUpImage.jpg in Resources */,
				E6FCB38F206AF26200FF1F10 /* Main.storyboard in Resources */,
				BFC857CA206B8C9D009920DD /* SignInImage.jpg in Resources */,
				BFB612BC206C054F002017A8 /* transparent-image8.png in Resources */,
				E6FCB3E5206F12E700FF1F10 /* ProgressHUD.bundle in Resources */,
				E6FCB3CD206D873500FF1F10 /* User.storyboard in Resources */,
			);
			runOnlyForDeploymentPostprocessing = 0;
		};
/* End PBXResourcesBuildPhase section */

/* Begin PBXShellScriptBuildPhase section */
		72E7F78AB89076BB53B50732 /* [CP] Check Pods Manifest.lock */ = {
			isa = PBXShellScriptBuildPhase;
			buildActionMask = 2147483647;
			files = (
			);
			inputPaths = (
				"${PODS_PODFILE_DIR_PATH}/Podfile.lock",
				"${PODS_ROOT}/Manifest.lock",
			);
			name = "[CP] Check Pods Manifest.lock";
			outputPaths = (
				"$(DERIVED_FILE_DIR)/Pods-hotty-checkManifestLockResult.txt",
			);
			runOnlyForDeploymentPostprocessing = 0;
			shellPath = /bin/sh;
			shellScript = "diff \"${PODS_PODFILE_DIR_PATH}/Podfile.lock\" \"${PODS_ROOT}/Manifest.lock\" > /dev/null\nif [ $? != 0 ] ; then\n    # print error to STDERR\n    echo \"error: The sandbox is not in sync with the Podfile.lock. Run 'pod install' or update your CocoaPods installation.\" >&2\n    exit 1\nfi\n# This output is used by Xcode 'outputs' to avoid re-running this script phase.\necho \"SUCCESS\" > \"${SCRIPT_OUTPUT_FILE_0}\"\n";
			showEnvVarsInLog = 0;
		};
		8BC7ED9A4C2093EAC7FB06E1 /* [CP] Embed Pods Frameworks */ = {
			isa = PBXShellScriptBuildPhase;
			buildActionMask = 2147483647;
			files = (
			);
			inputPaths = (
				"${SRCROOT}/Pods/Target Support Files/Pods-hotty/Pods-hotty-frameworks.sh",
				"${BUILT_PRODUCTS_DIR}/Alamofire/Alamofire.framework",
				"${BUILT_PRODUCTS_DIR}/AlamofireImage/AlamofireImage.framework",
				"${BUILT_PRODUCTS_DIR}/GTMSessionFetcher/GTMSessionFetcher.framework",
				"${BUILT_PRODUCTS_DIR}/GoogleToolboxForMac/GoogleToolboxForMac.framework",
				"${BUILT_PRODUCTS_DIR}/ProgressHUD/ProgressHUD.framework",
				"${BUILT_PRODUCTS_DIR}/SwiftyJSON/SwiftyJSON.framework",
				"${BUILT_PRODUCTS_DIR}/leveldb-library/leveldb.framework",
				"${BUILT_PRODUCTS_DIR}/nanopb/nanopb.framework",
			);
			name = "[CP] Embed Pods Frameworks";
			outputPaths = (
				"${TARGET_BUILD_DIR}/${FRAMEWORKS_FOLDER_PATH}/Alamofire.framework",
				"${TARGET_BUILD_DIR}/${FRAMEWORKS_FOLDER_PATH}/AlamofireImage.framework",
				"${TARGET_BUILD_DIR}/${FRAMEWORKS_FOLDER_PATH}/GTMSessionFetcher.framework",
				"${TARGET_BUILD_DIR}/${FRAMEWORKS_FOLDER_PATH}/GoogleToolboxForMac.framework",
				"${TARGET_BUILD_DIR}/${FRAMEWORKS_FOLDER_PATH}/ProgressHUD.framework",
				"${TARGET_BUILD_DIR}/${FRAMEWORKS_FOLDER_PATH}/SwiftyJSON.framework",
				"${TARGET_BUILD_DIR}/${FRAMEWORKS_FOLDER_PATH}/leveldb.framework",
				"${TARGET_BUILD_DIR}/${FRAMEWORKS_FOLDER_PATH}/nanopb.framework",
			);
			runOnlyForDeploymentPostprocessing = 0;
			shellPath = /bin/sh;
			shellScript = "\"${SRCROOT}/Pods/Target Support Files/Pods-hotty/Pods-hotty-frameworks.sh\"\n";
			showEnvVarsInLog = 0;
		};
		C718F2051B23716F901D90F7 /* [CP] Copy Pods Resources */ = {
			isa = PBXShellScriptBuildPhase;
			buildActionMask = 2147483647;
			files = (
			);
			inputPaths = (
			);
			name = "[CP] Copy Pods Resources";
			outputPaths = (
			);
			runOnlyForDeploymentPostprocessing = 0;
			shellPath = /bin/sh;
			shellScript = "\"${SRCROOT}/Pods/Target Support Files/Pods-hotty/Pods-hotty-resources.sh\"\n";
			showEnvVarsInLog = 0;
		};
/* End PBXShellScriptBuildPhase section */

/* Begin PBXSourcesBuildPhase section */
		E6FCB382206AF26200FF1F10 /* Sources */ = {
			isa = PBXSourcesBuildPhase;
			buildActionMask = 2147483647;
			files = (
				E6FCB3D1206EA88200FF1F10 /* SettingsVC.swift in Sources */,
				BFB612CE206C37C5002017A8 /* CameraViewController2.swift in Sources */,
				E6FCB3C3206C1AE000FF1F10 /* Constants.swift in Sources */,
				E6FCB392206AF26200FF1F10 /* hotty.xcdatamodeld in Sources */,
				E6FCB3AA206AF81900FF1F10 /* ProfileVC.swift in Sources */,
				BFC857D4206BF6BC009920DD /* CameraViewController.swift in Sources */,
				E6FCB3E4206F12E700FF1F10 /* ProgressHUD.m in Sources */,
				E6FCB3A4206AF75E00FF1F10 /* SignUpVC.swift in Sources */,
				E6FCB3D3206EB7E100FF1F10 /* AuthService.swift in Sources */,
				BFB612CC206C3580002017A8 /* PreviewCameraViewController.swift in Sources */,
				E6FCB3B2206AFA1600FF1F10 /* RoundedShadowImageView.swift in Sources */,
				BFC857D0206BF68D009920DD /* MapVC.swift in Sources */,
				E6FCB38A206AF26200FF1F10 /* AppDelegate.swift in Sources */,
				E6FCB3B0206AFA1600FF1F10 /* KeyboardBoundView.swift in Sources */,
				BFC857D6206BF6D3009920DD /* SearchVC.swift in Sources */,
				E6FCB3A6206AF79800FF1F10 /* LoginVC.swift in Sources */,
				BFB612C2206C0C27002017A8 /* DNMainTabVC.swift in Sources */,
				BFC857D2206BF6A2009920DD /* CommunityVC.swift in Sources */,
				E6FCB3D5206F0CAF00FF1F10 /* Config.swift in Sources */,
				E6FCB3B4206AFA1600FF1F10 /* RoundedShadow.swift in Sources */,
				E6FCB3B1206AFA1600FF1F10 /* InsetTextField.swift in Sources */,
				E6FCB3B3206AFA1600FF1F10 /* RoundedShadowButton.swift in Sources */,
			);
			runOnlyForDeploymentPostprocessing = 0;
		};
/* End PBXSourcesBuildPhase section */

/* Begin PBXVariantGroup section */
		E6FCB38D206AF26200FF1F10 /* Main.storyboard */ = {
			isa = PBXVariantGroup;
			children = (
				E6FCB38E206AF26200FF1F10 /* Base */,
			);
			name = Main.storyboard;
			sourceTree = "<group>";
		};
		E6FCB395206AF26200FF1F10 /* LaunchScreen.storyboard */ = {
			isa = PBXVariantGroup;
			children = (
				E6FCB396206AF26200FF1F10 /* Base */,
			);
			name = LaunchScreen.storyboard;
			sourceTree = "<group>";
		};
		E6FCB3CB206D873500FF1F10 /* User.storyboard */ = {
			isa = PBXVariantGroup;
			children = (
				E6FCB3CC206D873500FF1F10 /* Base */,
			);
			name = User.storyboard;
			sourceTree = "<group>";
		};
/* End PBXVariantGroup section */

/* Begin XCBuildConfiguration section */
		E6FCB399206AF26200FF1F10 /* Debug */ = {
			isa = XCBuildConfiguration;
			buildSettings = {
				ALWAYS_SEARCH_USER_PATHS = NO;
				CLANG_ANALYZER_NONNULL = YES;
				CLANG_ANALYZER_NUMBER_OBJECT_CONVERSION = YES_AGGRESSIVE;
				CLANG_CXX_LANGUAGE_STANDARD = "gnu++14";
				CLANG_CXX_LIBRARY = "libc++";
				CLANG_ENABLE_MODULES = YES;
				CLANG_ENABLE_OBJC_ARC = YES;
				CLANG_WARN_BLOCK_CAPTURE_AUTORELEASING = YES;
				CLANG_WARN_BOOL_CONVERSION = YES;
				CLANG_WARN_COMMA = YES;
				CLANG_WARN_CONSTANT_CONVERSION = YES;
				CLANG_WARN_DIRECT_OBJC_ISA_USAGE = YES_ERROR;
				CLANG_WARN_DOCUMENTATION_COMMENTS = YES;
				CLANG_WARN_EMPTY_BODY = YES;
				CLANG_WARN_ENUM_CONVERSION = YES;
				CLANG_WARN_INFINITE_RECURSION = YES;
				CLANG_WARN_INT_CONVERSION = YES;
				CLANG_WARN_NON_LITERAL_NULL_CONVERSION = YES;
				CLANG_WARN_OBJC_LITERAL_CONVERSION = YES;
				CLANG_WARN_OBJC_ROOT_CLASS = YES_ERROR;
				CLANG_WARN_RANGE_LOOP_ANALYSIS = YES;
				CLANG_WARN_STRICT_PROTOTYPES = YES;
				CLANG_WARN_SUSPICIOUS_MOVE = YES;
				CLANG_WARN_UNGUARDED_AVAILABILITY = YES_AGGRESSIVE;
				CLANG_WARN_UNREACHABLE_CODE = YES;
				CLANG_WARN__DUPLICATE_METHOD_MATCH = YES;
				CODE_SIGN_IDENTITY = "iPhone Developer";
				COPY_PHASE_STRIP = NO;
				DEBUG_INFORMATION_FORMAT = dwarf;
				ENABLE_STRICT_OBJC_MSGSEND = YES;
				ENABLE_TESTABILITY = YES;
				GCC_C_LANGUAGE_STANDARD = gnu11;
				GCC_DYNAMIC_NO_PIC = NO;
				GCC_NO_COMMON_BLOCKS = YES;
				GCC_OPTIMIZATION_LEVEL = 0;
				GCC_PREPROCESSOR_DEFINITIONS = (
					"DEBUG=1",
					"$(inherited)",
				);
				GCC_WARN_64_TO_32_BIT_CONVERSION = YES;
				GCC_WARN_ABOUT_RETURN_TYPE = YES_ERROR;
				GCC_WARN_UNDECLARED_SELECTOR = YES;
				GCC_WARN_UNINITIALIZED_AUTOS = YES_AGGRESSIVE;
				GCC_WARN_UNUSED_FUNCTION = YES;
				GCC_WARN_UNUSED_VARIABLE = YES;
				IPHONEOS_DEPLOYMENT_TARGET = 11.2;
				MTL_ENABLE_DEBUG_INFO = YES;
				ONLY_ACTIVE_ARCH = YES;
				SDKROOT = iphoneos;
				SWIFT_ACTIVE_COMPILATION_CONDITIONS = DEBUG;
				SWIFT_OPTIMIZATION_LEVEL = "-Onone";
			};
			name = Debug;
		};
		E6FCB39A206AF26200FF1F10 /* Release */ = {
			isa = XCBuildConfiguration;
			buildSettings = {
				ALWAYS_SEARCH_USER_PATHS = NO;
				CLANG_ANALYZER_NONNULL = YES;
				CLANG_ANALYZER_NUMBER_OBJECT_CONVERSION = YES_AGGRESSIVE;
				CLANG_CXX_LANGUAGE_STANDARD = "gnu++14";
				CLANG_CXX_LIBRARY = "libc++";
				CLANG_ENABLE_MODULES = YES;
				CLANG_ENABLE_OBJC_ARC = YES;
				CLANG_WARN_BLOCK_CAPTURE_AUTORELEASING = YES;
				CLANG_WARN_BOOL_CONVERSION = YES;
				CLANG_WARN_COMMA = YES;
				CLANG_WARN_CONSTANT_CONVERSION = YES;
				CLANG_WARN_DIRECT_OBJC_ISA_USAGE = YES_ERROR;
				CLANG_WARN_DOCUMENTATION_COMMENTS = YES;
				CLANG_WARN_EMPTY_BODY = YES;
				CLANG_WARN_ENUM_CONVERSION = YES;
				CLANG_WARN_INFINITE_RECURSION = YES;
				CLANG_WARN_INT_CONVERSION = YES;
				CLANG_WARN_NON_LITERAL_NULL_CONVERSION = YES;
				CLANG_WARN_OBJC_LITERAL_CONVERSION = YES;
				CLANG_WARN_OBJC_ROOT_CLASS = YES_ERROR;
				CLANG_WARN_RANGE_LOOP_ANALYSIS = YES;
				CLANG_WARN_STRICT_PROTOTYPES = YES;
				CLANG_WARN_SUSPICIOUS_MOVE = YES;
				CLANG_WARN_UNGUARDED_AVAILABILITY = YES_AGGRESSIVE;
				CLANG_WARN_UNREACHABLE_CODE = YES;
				CLANG_WARN__DUPLICATE_METHOD_MATCH = YES;
				CODE_SIGN_IDENTITY = "iPhone Developer";
				COPY_PHASE_STRIP = NO;
				DEBUG_INFORMATION_FORMAT = "dwarf-with-dsym";
				ENABLE_NS_ASSERTIONS = NO;
				ENABLE_STRICT_OBJC_MSGSEND = YES;
				GCC_C_LANGUAGE_STANDARD = gnu11;
				GCC_NO_COMMON_BLOCKS = YES;
				GCC_WARN_64_TO_32_BIT_CONVERSION = YES;
				GCC_WARN_ABOUT_RETURN_TYPE = YES_ERROR;
				GCC_WARN_UNDECLARED_SELECTOR = YES;
				GCC_WARN_UNINITIALIZED_AUTOS = YES_AGGRESSIVE;
				GCC_WARN_UNUSED_FUNCTION = YES;
				GCC_WARN_UNUSED_VARIABLE = YES;
				IPHONEOS_DEPLOYMENT_TARGET = 11.2;
				MTL_ENABLE_DEBUG_INFO = NO;
				SDKROOT = iphoneos;
				SWIFT_OPTIMIZATION_LEVEL = "-Owholemodule";
				VALIDATE_PRODUCT = YES;
			};
			name = Release;
		};
		E6FCB39C206AF26200FF1F10 /* Debug */ = {
			isa = XCBuildConfiguration;
			baseConfigurationReference = 7708ED7576CDA804FDDEA177 /* Pods-hotty.debug.xcconfig */;
			buildSettings = {
				ASSETCATALOG_COMPILER_APPICON_NAME = AppIcon;
				CLANG_ENABLE_MODULES = YES;
				CODE_SIGN_STYLE = Automatic;
				DEVELOPMENT_TEAM = 6P4Y4YVV3G;
				INFOPLIST_FILE = hotty/Info.plist;
				IPHONEOS_DEPLOYMENT_TARGET = 11.2;
				LD_RUNPATH_SEARCH_PATHS = "$(inherited) @executable_path/Frameworks";
				PRODUCT_BUNDLE_IDENTIFIER = com.louro.hotty;
				PRODUCT_NAME = "$(TARGET_NAME)";
				SWIFT_OBJC_BRIDGING_HEADER = "hotty/hotty-Bridging-Header.h";
				SWIFT_OPTIMIZATION_LEVEL = "-Onone";
				SWIFT_VERSION = 4.0;
				TARGETED_DEVICE_FAMILY = "1,2";
			};
			name = Debug;
		};
		E6FCB39D206AF26200FF1F10 /* Release */ = {
			isa = XCBuildConfiguration;
			baseConfigurationReference = 11EFD7175A7463B67FA92F3A /* Pods-hotty.release.xcconfig */;
			buildSettings = {
				ASSETCATALOG_COMPILER_APPICON_NAME = AppIcon;
				CLANG_ENABLE_MODULES = YES;
				CODE_SIGN_STYLE = Automatic;
				DEVELOPMENT_TEAM = 6P4Y4YVV3G;
				INFOPLIST_FILE = hotty/Info.plist;
				IPHONEOS_DEPLOYMENT_TARGET = 11.2;
				LD_RUNPATH_SEARCH_PATHS = "$(inherited) @executable_path/Frameworks";
				PRODUCT_BUNDLE_IDENTIFIER = com.louro.hotty;
				PRODUCT_NAME = "$(TARGET_NAME)";
				SWIFT_OBJC_BRIDGING_HEADER = "hotty/hotty-Bridging-Header.h";
				SWIFT_VERSION = 4.0;
				TARGETED_DEVICE_FAMILY = "1,2";
			};
			name = Release;
		};
/* End XCBuildConfiguration section */

/* Begin XCConfigurationList section */
		E6FCB381206AF26200FF1F10 /* Build configuration list for PBXProject "hotty" */ = {
			isa = XCConfigurationList;
			buildConfigurations = (
				E6FCB399206AF26200FF1F10 /* Debug */,
				E6FCB39A206AF26200FF1F10 /* Release */,
			);
			defaultConfigurationIsVisible = 0;
			defaultConfigurationName = Release;
		};
		E6FCB39B206AF26200FF1F10 /* Build configuration list for PBXNativeTarget "hotty" */ = {
			isa = XCConfigurationList;
			buildConfigurations = (
				E6FCB39C206AF26200FF1F10 /* Debug */,
				E6FCB39D206AF26200FF1F10 /* Release */,
			);
			defaultConfigurationIsVisible = 0;
			defaultConfigurationName = Release;
		};
/* End XCConfigurationList section */

/* Begin XCVersionGroup section */
		E6FCB390206AF26200FF1F10 /* hotty.xcdatamodeld */ = {
			isa = XCVersionGroup;
			children = (
				E6FCB391206AF26200FF1F10 /* hotty.xcdatamodel */,
			);
			currentVersion = E6FCB391206AF26200FF1F10 /* hotty.xcdatamodel */;
			path = hotty.xcdatamodeld;
			sourceTree = "<group>";
			versionGroupType = wrapper.xcdatamodel;
		};
/* End XCVersionGroup section */
	};
	rootObject = E6FCB37E206AF26200FF1F10 /* Project object */;
}
